
Microsoft Visual Studio Solution File, Format Version 12.00
# Visual Studio Version 17
VisualStudioVersion = 17.14.37314.3 d17.14
MinimumVisualStudioVersion = 10.0.40219.1
Project("{FAE04EC0-301F-11D3-BF4B-00C04F79EFBC}") = "P1Simulator", "P1Simulator\P1Simulator.csproj", "{3F661110-01DD-4DAB-A745-97E141A290C0}"
EndProject
Global
	GlobalSection(SolutionConfigurationPlatforms) = preSolution
		Debug|Any CPU = Debug|Any CPU
		Release|Any CPU = Release|Any CPU
	EndGlobalSection
	GlobalSection(ProjectConfigurationPlatforms) = postSolution
		{3F661110-01DD-4DAB-A745-97E141A290C0}.Debug|Any CPU.ActiveCfg = Debug|Any CPU
		{3F661110-01DD-4DAB-A745-97E141A290C0}.Debug|Any CPU.Build.0 = Debug|Any CPU
		{3F661110-01DD-4DAB-A745-97E141A290C0}.Release|Any CPU.ActiveCfg = Release|Any CPU
		{3F661110-01DD-4DAB-A745-97E141A290C0}.Release|Any CPU.Build.0 = Release|Any CPU
	EndGlobalSection
	GlobalSection(SolutionProperties) = preSolution
		HideSolutionNode = FALSE
	EndGlobalSection
	GlobalSection(ExtensibilityGlobals) = postSolution
		SolutionGuid = {E45BA49D-328F-4524-8E58-BA1E65DE25E8}
	EndGlobalSection
EndGlobal
